
Microsoft Visual Studio Solution File, Format Version 12.00
# Visual Studio 14
VisualStudioVersion = 14.0.25420.1
MinimumVisualStudioVersion = 10.0.40219.1
Project("{FAE04EC0-301F-11D3-BF4B-00C04F79EFBC}") = "EmployeeService", "WebAPIDemo\EmployeeService.csproj", "{12C513E1-2B4B-4A79-B272-16CB68BAFB90}"
EndProject
Project("{FAE04EC0-301F-11D3-BF4B-00C04F79EFBC}") = "EmployeeDataAccess", "EmployeeDataAccess\EmployeeDataAccess.csproj", "{E96F2C0C-6FCB-4E40-8EC3-DD10AC7DE1E2}"
EndProject
Project("{FAE04EC0-301F-11D3-BF4B-00C04F79EFBC}") = "ClientApplication", "ClientApplication\ClientApplication.csproj", "{2628A759-0E46-40C3-B047-BCEF405AF79C}"
EndProject
Global
	GlobalSection(SolutionConfigurationPlatforms) = preSolution
		Debug|Any CPU = Debug|Any CPU
		Release|Any CPU = Release|Any CPU
	EndGlobalSection
	GlobalSection(ProjectConfigurationPlatforms) = postSolution
		{12C513E1-2B4B-4A79-B272-16CB68BAFB90}.Debug|Any CPU.ActiveCfg = Debug|Any CPU
		{12C513E1-2B4B-4A79-B272-16CB68BAFB90}.Debug|Any CPU.Build.0 = Debug|Any CPU
		{12C513E1-2B4B-4A79-B272-16CB68BAFB90}.Release|Any CPU.ActiveCfg = Release|Any CPU
		{12C513E1-2B4B-4A79-B272-16CB68BAFB90}.Release|Any CPU.Build.0 = Release|Any CPU
		{E96F2C0C-6FCB-4E40-8EC3-DD10AC7DE1E2}.Debug|Any CPU.ActiveCfg = Debug|Any CPU
		{E96F2C0C-6FCB-4E40-8EC3-DD10AC7DE1E2}.Debug|Any CPU.Build.0 = Debug|Any CPU
		{E96F2C0C-6FCB-4E40-8EC3-DD10AC7DE1E2}.Release|Any CPU.ActiveCfg = Release|Any CPU
		{E96F2C0C-6FCB-4E40-8EC3-DD10AC7DE1E2}.Release|Any CPU.Build.0 = Release|Any CPU
		{2628A759-0E46-40C3-B047-BCEF405AF79C}.Debug|Any CPU.ActiveCfg = Debug|Any CPU
		{2628A759-0E46-40C3-B047-BCEF405AF79C}.Debug|Any CPU.Build.0 = Debug|Any CPU
		{2628A759-0E46-40C3-B047-BCEF405AF79C}.Release|Any CPU.ActiveCfg = Release|Any CPU
		{2628A759-0E46-40C3-B047-BCEF405AF79C}.Release|Any CPU.Build.0 = Release|Any CPU
	EndGlobalSection
	GlobalSection(SolutionProperties) = preSolution
		HideSolutionNode = FALSE
	EndGlobalSection
EndGlobal
